
Microsoft Visual Studio Solution File, Format Version 12.00
# Visual Studio Version 17
VisualStudioVersion = 17.10.35013.160
MinimumVisualStudioVersion = 10.0.40219.1
Project("{8BC9CEB8-8B4A-11D0-8D11-00A0C91BC942}") = "X-Cell-FO4", "X-Cell-FO4.vcxproj", "{FF7AF8BA-3391-4AD3-A1C3-2ADE034F8856}"
	ProjectSection(ProjectDependencies) = postProject
		{020A2022-540B-4EA6-AA18-97FAF612D351} = {020A2022-540B-4EA6-AA18-97FAF612D351}
		{05D6A7E8-F94B-49AD-B7F2-B1A832B746FD} = {05D6A7E8-F94B-49AD-B7F2-B1A832B746FD}
		{06E30C65-D79A-4FEC-8A60-B36D907E6601} = {06E30C65-D79A-4FEC-8A60-B36D907E6601}
		{1A04D2B1-EBB3-4569-BD03-915631B4BFB1} = {1A04D2B1-EBB3-4569-BD03-915631B4BFB1}
		{20C6411C-596F-4B85-BE4E-8BC91F59D8A6} = {20C6411C-596F-4B85-BE4E-8BC91F59D8A6}
		{349E4C63-D015-41CA-867C-57269E45DD74} = {349E4C63-D015-41CA-867C-57269E45DD74}
		{472E19AB-DEF0-42DF-819B-18722E8DC822} = {472E19AB-DEF0-42DF-819B-18722E8DC822}
		{74E49D60-E7BF-4FBD-9BBF-927546761808} = {74E49D60-E7BF-4FBD-9BBF-927546761808}
		{9E771CA4-04D9-4ED8-80F2-FFD379413688} = {9E771CA4-04D9-4ED8-80F2-FFD379413688}
		{AA15BCE9-789C-45B3-83A2-B1C5D5EEFB34} = {AA15BCE9-789C-45B3-83A2-B1C5D5EEFB34}
		{E891BACC-9380-49D6-90E0-EBF4D5A6004C} = {E891BACC-9380-49D6-90E0-EBF4D5A6004C}
	EndProjectSection
EndProject
Project("{2150E333-8FDC-42A3-9474-1A3956D46DE8}") = "depends", "depends", "{481701DC-D90C-45B3-92AB-53636E4D9145}"
EndProject
Project("{8BC9CEB8-8B4A-11D0-8D11-00A0C91BC942}") = "common_vc22", "depends\f4se\common\common_vc22.vcxproj", "{472E19AB-DEF0-42DF-819B-18722E8DC822}"
EndProject
Project("{8BC9CEB8-8B4A-11D0-8D11-00A0C91BC942}") = "f4se_common", "depends\f4se\f4se\f4se_common\f4se_common.vcxproj", "{20C6411C-596F-4B85-BE4E-8BC91F59D8A6}"
	ProjectSection(ProjectDependencies) = postProject
		{472E19AB-DEF0-42DF-819B-18722E8DC822} = {472E19AB-DEF0-42DF-819B-18722E8DC822}
	EndProjectSection
EndProject
Project("{8BC9CEB8-8B4A-11D0-8D11-00A0C91BC942}") = "detours", "depends\detours.vcxproj", "{06E30C65-D79A-4FEC-8A60-B36D907E6601}"
EndProject
Project("{8BC9CEB8-8B4A-11D0-8D11-00A0C91BC942}") = "libdeflate", "depends\libdeflate.vcxproj", "{9E771CA4-04D9-4ED8-80F2-FFD379413688}"
EndProject
Project("{8BC9CEB8-8B4A-11D0-8D11-00A0C91BC942}") = "f4se_v984", "depends\f4se_ng\f4se_ng.vcxproj", "{020A2022-540B-4EA6-AA18-97FAF612D351}"
EndProject
Project("{8BC9CEB8-8B4A-11D0-8D11-00A0C91BC942}") = "ImGUI", "depends\ImGUI\ImGUI.vcxproj", "{74E49D60-E7BF-4FBD-9BBF-927546761808}"
EndProject
Project("{8BC9CEB8-8B4A-11D0-8D11-00A0C91BC942}") = "MemoryManager", "depends\vmm\vmm.vcxproj", "{1A04D2B1-EBB3-4569-BD03-915631B4BFB1}"
EndProject
Project("{8BC9CEB8-8B4A-11D0-8D11-00A0C91BC942}") = "screengrab", "depends\screengrab\screengrab.vcxproj", "{AA15BCE9-789C-45B3-83A2-B1C5D5EEFB34}"
EndProject
Project("{8BC9CEB8-8B4A-11D0-8D11-00A0C91BC942}") = "Toml", "depends\Toml\Toml.vcxproj", "{05D6A7E8-F94B-49AD-B7F2-B1A832B746FD}"
EndProject
Project("{8BC9CEB8-8B4A-11D0-8D11-00A0C91BC942}") = "f4se_v163", "depends\f4se_og\f4se_og.vcxproj", "{349E4C63-D015-41CA-867C-57269E45DD74}"
EndProject
Project("{8BC9CEB8-8B4A-11D0-8D11-00A0C91BC942}") = "f4se_v191", "depends\f4se_ae\f4se_ae.vcxproj", "{E891BACC-9380-49D6-90E0-EBF4D5A6004C}"
EndProject
Global
	GlobalSection(SolutionConfigurationPlatforms) = preSolution
		Release|x64 = Release|x64
		Release|x86 = Release|x86
		Release-10-163|x64 = Release-10-163|x64
		Release-10-163|x86 = Release-10-163|x86
		Release-10-984|x64 = Release-10-984|x64
		Release-10-984|x86 = Release-10-984|x86
		Release-11-191|x64 = Release-11-191|x64
		Release-11-191|x86 = Release-11-191|x86
		Release-Dev|x64 = Release-Dev|x64
		Release-Dev|x86 = Release-Dev|x86
	EndGlobalSection
	GlobalSection(ProjectConfigurationPlatforms) = postSolution
		{FF7AF8BA-3391-4AD3-A1C3-2ADE034F8856}.Release|x64.ActiveCfg = Release 10.984|x64
		{FF7AF8BA-3391-4AD3-A1C3-2ADE034F8856}.Release|x64.Build.0 = Release 10.984|x64
		{FF7AF8BA-3391-4AD3-A1C3-2ADE034F8856}.Release|x86.ActiveCfg = Release-11-191|x64
		{FF7AF8BA-3391-4AD3-A1C3-2ADE034F8856}.Release-10-163|x64.ActiveCfg = Release 10.163|x64
		{FF7AF8BA-3391-4AD3-A1C3-2ADE034F8856}.Release-10-163|x64.Build.0 = Release 10.163|x64
		{FF7AF8BA-3391-4AD3-A1C3-2ADE034F8856}.Release-10-163|x86.ActiveCfg = Release-11-191|x64
		{FF7AF8BA-3391-4AD3-A1C3-2ADE034F8856}.Release-10-984|x64.ActiveCfg = Release 10.984|x64
		{FF7AF8BA-3391-4AD3-A1C3-2ADE034F8856}.Release-10-984|x64.Build.0 = Release 10.984|x64
		{FF7AF8BA-3391-4AD3-A1C3-2ADE034F8856}.Release-10-984|x86.ActiveCfg = Release-11-191|x64
		{FF7AF8BA-3391-4AD3-A1C3-2ADE034F8856}.Release-11-191|x64.ActiveCfg = Release-11-191|x64
		{FF7AF8BA-3391-4AD3-A1C3-2ADE034F8856}.Release-11-191|x64.Build.0 = Release-11-191|x64
		{FF7AF8BA-3391-4AD3-A1C3-2ADE034F8856}.Release-11-191|x86.ActiveCfg = Release-11-191|x64
		{FF7AF8BA-3391-4AD3-A1C3-2ADE034F8856}.Release-Dev|x64.ActiveCfg = Release-Dev|x64
		{FF7AF8BA-3391-4AD3-A1C3-2ADE034F8856}.Release-Dev|x64.Build.0 = Release-Dev|x64
		{FF7AF8BA-3391-4AD3-A1C3-2ADE034F8856}.Release-Dev|x86.ActiveCfg = Release-Dev|x64
		{FF7AF8BA-3391-4AD3-A1C3-2ADE034F8856}.Release-Dev|x86.Build.0 = Release-Dev|x64
		{472E19AB-DEF0-42DF-819B-18722E8DC822}.Release|x64.ActiveCfg = Release|x64
		{472E19AB-DEF0-42DF-819B-18722E8DC822}.Release|x64.Build.0 = Release|x64
		{472E19AB-DEF0-42DF-819B-18722E8DC822}.Release|x86.ActiveCfg = Release|x64
		{472E19AB-DEF0-42DF-819B-18722E8DC822}.Release|x86.Build.0 = Release|x64
		{472E19AB-DEF0-42DF-819B-18722E8DC822}.Release-10-163|x64.ActiveCfg = Release|x64
		{472E19AB-DEF0-42DF-819B-18722E8DC822}.Release-10-163|x64.Build.0 = Release|x64
		{472E19AB-DEF0-42DF-819B-18722E8DC822}.Release-10-163|x86.ActiveCfg = Release|x64
		{472E19AB-DEF0-42DF-819B-18722E8DC822}.Release-10-163|x86.Build.0 = Release|x64
		{472E19AB-DEF0-42DF-819B-18722E8DC822}.Release-10-984|x64.ActiveCfg = Release|x64
		{472E19AB-DEF0-42DF-819B-18722E8DC822}.Release-10-984|x64.Build.0 = Release|x64
		{472E19AB-DEF0-42DF-819B-18722E8DC822}.Release-10-984|x86.ActiveCfg = Release|x64
		{472E19AB-DEF0-42DF-819B-18722E8DC822}.Release-10-984|x86.Build.0 = Release|x64
		{472E19AB-DEF0-42DF-819B-18722E8DC822}.Release-11-191|x64.ActiveCfg = Release|x64
		{472E19AB-DEF0-42DF-819B-18722E8DC822}.Release-11-191|x64.Build.0 = Release|x64
		{472E19AB-DEF0-42DF-819B-18722E8DC822}.Release-11-191|x86.ActiveCfg = Release-11-191|x64
		{472E19AB-DEF0-42DF-819B-18722E8DC822}.Release-11-191|x86.Build.0 = Release-11-191|x64
		{472E19AB-DEF0-42DF-819B-18722E8DC822}.Release-Dev|x64.ActiveCfg = Release-11-191|x64
		{472E19AB-DEF0-42DF-819B-18722E8DC822}.Release-Dev|x64.Build.0 = Release-11-191|x64
		{472E19AB-DEF0-42DF-819B-18722E8DC822}.Release-Dev|x86.ActiveCfg = Release-11-191|x64
		{472E19AB-DEF0-42DF-819B-18722E8DC822}.Release-Dev|x86.Build.0 = Release-11-191|x64
		{20C6411C-596F-4B85-BE4E-8BC91F59D8A6}.Release|x64.ActiveCfg = Release|x64
		{20C6411C-596F-4B85-BE4E-8BC91F59D8A6}.Release|x64.Build.0 = Release|x64
		{20C6411C-596F-4B85-BE4E-8BC91F59D8A6}.Release|x86.ActiveCfg = Release|x64
		{20C6411C-596F-4B85-BE4E-8BC91F59D8A6}.Release|x86.Build.0 = Release|x64
		{20C6411C-596F-4B85-BE4E-8BC91F59D8A6}.Release-10-163|x64.ActiveCfg = Release|x64
		{20C6411C-596F-4B85-BE4E-8BC91F59D8A6}.Release-10-163|x64.Build.0 = Release|x64
		{20C6411C-596F-4B85-BE4E-8BC91F59D8A6}.Release-10-163|x86.ActiveCfg = Release|x64
		{20C6411C-596F-4B85-BE4E-8BC91F59D8A6}.Release-10-163|x86.Build.0 = Release|x64
		{20C6411C-596F-4B85-BE4E-8BC91F59D8A6}.Release-10-984|x64.ActiveCfg = Release|x64
		{20C6411C-596F-4B85-BE4E-8BC91F59D8A6}.Release-10-984|x64.Build.0 = Release|x64
		{20C6411C-596F-4B85-BE4E-8BC91F59D8A6}.Release-10-984|x86.ActiveCfg = Release|x64
		{20C6411C-596F-4B85-BE4E-8BC91F59D8A6}.Release-10-984|x86.Build.0 = Release|x64
		{20C6411C-596F-4B85-BE4E-8BC91F59D8A6}.Release-11-191|x64.ActiveCfg = Release|x64
		{20C6411C-596F-4B85-BE4E-8BC91F59D8A6}.Release-11-191|x64.Build.0 = Release|x64
		{20C6411C-596F-4B85-BE4E-8BC91F59D8A6}.Release-11-191|x86.ActiveCfg = Release-11-191|x64
		{20C6411C-596F-4B85-BE4E-8BC91F59D8A6}.Release-11-191|x86.Build.0 = Release-11-191|x64
		{20C6411C-596F-4B85-BE4E-8BC91F59D8A6}.Release-Dev|x64.ActiveCfg = Release-11-191|x64
		{20C6411C-596F-4B85-BE4E-8BC91F59D8A6}.Release-Dev|x64.Build.0 = Release-11-191|x64
		{20C6411C-596F-4B85-BE4E-8BC91F59D8A6}.Release-Dev|x86.ActiveCfg = Release-11-191|x64
		{20C6411C-596F-4B85-BE4E-8BC91F59D8A6}.Release-Dev|x86.Build.0 = Release-11-191|x64
		{06E30C65-D79A-4FEC-8A60-B36D907E6601}.Release|x64.ActiveCfg = Release|x64
		{06E30C65-D79A-4FEC-8A60-B36D907E6601}.Release|x64.Build.0 = Release|x64
		{06E30C65-D79A-4FEC-8A60-B36D907E6601}.Release|x86.ActiveCfg = Release|Win32
		{06E30C65-D79A-4FEC-8A60-B36D907E6601}.Release|x86.Build.0 = Release|Win32
		{06E30C65-D79A-4FEC-8A60-B36D907E6601}.Release-10-163|x64.ActiveCfg = Release|x64
		{06E30C65-D79A-4FEC-8A60-B36D907E6601}.Release-10-163|x64.Build.0 = Release|x64
		{06E30C65-D79A-4FEC-8A60-B36D907E6601}.Release-10-163|x86.ActiveCfg = Release|Win32
		{06E30C65-D79A-4FEC-8A60-B36D907E6601}.Release-10-163|x86.Build.0 = Release|Win32
		{06E30C65-D79A-4FEC-8A60-B36D907E6601}.Release-10-984|x64.ActiveCfg = Release|x64
		{06E30C65-D79A-4FEC-8A60-B36D907E6601}.Release-10-984|x64.Build.0 = Release|x64
		{06E30C65-D79A-4FEC-8A60-B36D907E6601}.Release-10-984|x86.ActiveCfg = Release|Win32
		{06E30C65-D79A-4FEC-8A60-B36D907E6601}.Release-10-984|x86.Build.0 = Release|Win32
		{06E30C65-D79A-4FEC-8A60-B36D907E6601}.Release-11-191|x64.ActiveCfg = Release|x64
		{06E30C65-D79A-4FEC-8A60-B36D907E6601}.Release-11-191|x64.Build.0 = Release|x64
		{06E30C65-D79A-4FEC-8A60-B36D907E6601}.Release-11-191|x86.ActiveCfg = Release-11-191|x64
		{06E30C65-D79A-4FEC-8A60-B36D907E6601}.Release-Dev|x64.ActiveCfg = Release-11-191|x64
		{06E30C65-D79A-4FEC-8A60-B36D907E6601}.Release-Dev|x64.Build.0 = Release-11-191|x64
		{06E30C65-D79A-4FEC-8A60-B36D907E6601}.Release-Dev|x86.ActiveCfg = Release|Win32
		{06E30C65-D79A-4FEC-8A60-B36D907E6601}.Release-Dev|x86.Build.0 = Release|Win32
		{9E771CA4-04D9-4ED8-80F2-FFD379413688}.Release|x64.ActiveCfg = Release|x64
		{9E771CA4-04D9-4ED8-80F2-FFD379413688}.Release|x64.Build.0 = Release|x64
		{9E771CA4-04D9-4ED8-80F2-FFD379413688}.Release|x86.ActiveCfg = Release|Win32
		{9E771CA4-04D9-4ED8-80F2-FFD379413688}.Release|x86.Build.0 = Release|Win32
		{9E771CA4-04D9-4ED8-80F2-FFD379413688}.Release-10-163|x64.ActiveCfg = Release|x64
		{9E771CA4-04D9-4ED8-80F2-FFD379413688}.Release-10-163|x64.Build.0 = Release|x64
		{9E771CA4-04D9-4ED8-80F2-FFD379413688}.Release-10-163|x86.ActiveCfg = Release|Win32
		{9E771CA4-04D9-4ED8-80F2-FFD379413688}.Release-10-163|x86.Build.0 = Release|Win32
		{9E771CA4-04D9-4ED8-80F2-FFD379413688}.Release-10-984|x64.ActiveCfg = Release|x64
		{9E771CA4-04D9-4ED8-80F2-FFD379413688}.Release-10-984|x64.Build.0 = Release|x64
		{9E771CA4-04D9-4ED8-80F2-FFD379413688}.Release-10-984|x86.ActiveCfg = Release|Win32
		{9E771CA4-04D9-4ED8-80F2-FFD379413688}.Release-10-984|x86.Build.0 = Release|Win32
		{9E771CA4-04D9-4ED8-80F2-FFD379413688}.Release-11-191|x64.ActiveCfg = Release|x64
		{9E771CA4-04D9-4ED8-80F2-FFD379413688}.Release-11-191|x64.Build.0 = Release|x64
		{9E771CA4-04D9-4ED8-80F2-FFD379413688}.Release-11-191|x86.ActiveCfg = Release|Win32
		{9E771CA4-04D9-4ED8-80F2-FFD379413688}.Release-Dev|x64.ActiveCfg = Release|x64
		{9E771CA4-04D9-4ED8-80F2-FFD379413688}.Release-Dev|x64.Build.0 = Release|x64
		{9E771CA4-04D9-4ED8-80F2-FFD379413688}.Release-Dev|x86.ActiveCfg = Release|Win32
		{9E771CA4-04D9-4ED8-80F2-FFD379413688}.Release-Dev|x86.Build.0 = Release|Win32
		{020A2022-540B-4EA6-AA18-97FAF612D351}.Release|x64.ActiveCfg = Release|x64
		{020A2022-540B-4EA6-AA18-97FAF612D351}.Release|x64.Build.0 = Release|x64
		{020A2022-540B-4EA6-AA18-97FAF612D351}.Release|x86.ActiveCfg = Release|Win32
		{020A2022-540B-4EA6-AA18-97FAF612D351}.Release|x86.Build.0 = Release|Win32
		{020A2022-540B-4EA6-AA18-97FAF612D351}.Release-10-163|x64.ActiveCfg = Release|x64
		{020A2022-540B-4EA6-AA18-97FAF612D351}.Release-10-163|x64.Build.0 = Release|x64
		{020A2022-540B-4EA6-AA18-97FAF612D351}.Release-10-163|x86.ActiveCfg = Release|Win32
		{020A2022-540B-4EA6-AA18-97FAF612D351}.Release-10-163|x86.Build.0 = Release|Win32
		{020A2022-540B-4EA6-AA18-97FAF612D351}.Release-10-984|x64.ActiveCfg = Release|x64
		{020A2022-540B-4EA6-AA18-97FAF612D351}.Release-10-984|x64.Build.0 = Release|x64
		{020A2022-540B-4EA6-AA18-97FAF612D351}.Release-10-984|x86.ActiveCfg = Release|Win32
		{020A2022-540B-4EA6-AA18-97FAF612D351}.Release-10-984|x86.Build.0 = Release|Win32
		{020A2022-540B-4EA6-AA18-97FAF612D351}.Release-11-191|x64.ActiveCfg = Release|x64
		{020A2022-540B-4EA6-AA18-97FAF612D351}.Release-11-191|x64.Build.0 = Release|x64
		{020A2022-540B-4EA6-AA18-97FAF612D351}.Release-11-191|x86.ActiveCfg = Release-11-191|x64
		{020A2022-540B-4EA6-AA18-97FAF612D351}.Release-Dev|x64.ActiveCfg = Release-11-191|x64
		{020A2022-540B-4EA6-AA18-97FAF612D351}.Release-Dev|x64.Build.0 = Release-11-191|x64
		{020A2022-540B-4EA6-AA18-97FAF612D351}.Release-Dev|x86.ActiveCfg = Release|Win32
		{020A2022-540B-4EA6-AA18-97FAF612D351}.Release-Dev|x86.Build.0 = Release|Win32
		{74E49D60-E7BF-4FBD-9BBF-927546761808}.Release|x64.ActiveCfg = Release|x64
		{74E49D60-E7BF-4FBD-9BBF-927546761808}.Release|x64.Build.0 = Release|x64
		{74E49D60-E7BF-4FBD-9BBF-927546761808}.Release|x86.ActiveCfg = Release|x64
		{74E49D60-E7BF-4FBD-9BBF-927546761808}.Release|x86.Build.0 = Release|x64
		{74E49D60-E7BF-4FBD-9BBF-927546761808}.Release-10-163|x64.ActiveCfg = Release|x64
		{74E49D60-E7BF-4FBD-9BBF-927546761808}.Release-10-163|x64.Build.0 = Release|x64
		{74E49D60-E7BF-4FBD-9BBF-927546761808}.Release-10-163|x86.ActiveCfg = Release|x64
		{74E49D60-E7BF-4FBD-9BBF-927546761808}.Release-10-163|x86.Build.0 = Release|x64
		{74E49D60-E7BF-4FBD-9BBF-927546761808}.Release-10-984|x64.ActiveCfg = Release|x64
		{74E49D60-E7BF-4FBD-9BBF-927546761808}.Release-10-984|x64.Build.0 = Release|x64
		{74E49D60-E7BF-4FBD-9BBF-927546761808}.Release-10-984|x86.ActiveCfg = Release|x64
		{74E49D60-E7BF-4FBD-9BBF-927546761808}.Release-10-984|x86.Build.0 = Release|x64
		{74E49D60-E7BF-4FBD-9BBF-927546761808}.Release-11-191|x64.ActiveCfg = Release|x64
		{74E49D60-E7BF-4FBD-9BBF-927546761808}.Release-11-191|x64.Build.0 = Release|x64
		{74E49D60-E7BF-4FBD-9BBF-927546761808}.Release-11-191|x86.ActiveCfg = Release|x64
		{74E49D60-E7BF-4FBD-9BBF-927546761808}.Release-11-191|x86.Build.0 = Release|x64
		{74E49D60-E7BF-4FBD-9BBF-927546761808}.Release-Dev|x64.ActiveCfg = Release|x64
		{74E49D60-E7BF-4FBD-9BBF-927546761808}.Release-Dev|x64.Build.0 = Release|x64
		{74E49D60-E7BF-4FBD-9BBF-927546761808}.Release-Dev|x86.ActiveCfg = Release|x64
		{74E49D60-E7BF-4FBD-9BBF-927546761808}.Release-Dev|x86.Build.0 = Release|x64
		{1A04D2B1-EBB3-4569-BD03-915631B4BFB1}.Release|x64.ActiveCfg = Release|x64
		{1A04D2B1-EBB3-4569-BD03-915631B4BFB1}.Release|x64.Build.0 = Release|x64
		{1A04D2B1-EBB3-4569-BD03-915631B4BFB1}.Release|x86.ActiveCfg = Release|Win32
		{1A04D2B1-EBB3-4569-BD03-915631B4BFB1}.Release|x86.Build.0 = Release|Win32
		{1A04D2B1-EBB3-4569-BD03-915631B4BFB1}.Release-10-163|x64.ActiveCfg = Release|x64
		{1A04D2B1-EBB3-4569-BD03-915631B4BFB1}.Release-10-163|x64.Build.0 = Release|x64
		{1A04D2B1-EBB3-4569-BD03-915631B4BFB1}.Release-10-163|x86.ActiveCfg = Release|Win32
		{1A04D2B1-EBB3-4569-BD03-915631B4BFB1}.Release-10-163|x86.Build.0 = Release|Win32
		{1A04D2B1-EBB3-4569-BD03-915631B4BFB1}.Release-10-984|x64.ActiveCfg = Release|x64
		{1A04D2B1-EBB3-4569-BD03-915631B4BFB1}.Release-10-984|x64.Build.0 = Release|x64
		{1A04D2B1-EBB3-4569-BD03-915631B4BFB1}.Release-10-984|x86.ActiveCfg = Release|Win32
		{1A04D2B1-EBB3-4569-BD03-915631B4BFB1}.Release-10-984|x86.Build.0 = Release|Win32
		{1A04D2B1-EBB3-4569-BD03-915631B4BFB1}.Release-11-191|x64.ActiveCfg = Release|x64
		{1A04D2B1-EBB3-4569-BD03-915631B4BFB1}.Release-11-191|x64.Build.0 = Release|x64
		{1A04D2B1-EBB3-4569-BD03-915631B4BFB1}.Release-11-191|x86.ActiveCfg = Release|Win32
		{1A04D2B1-EBB3-4569-BD03-915631B4BFB1}.Release-11-191|x86.Build.0 = Release|Win32
		{1A04D2B1-EBB3-4569-BD03-915631B4BFB1}.Release-Dev|x64.ActiveCfg = Release|x64
		{1A04D2B1-EBB3-4569-BD03-915631B4BFB1}.Release-Dev|x64.Build.0 = Release|x64
		{1A04D2B1-EBB3-4569-BD03-915631B4BFB1}.Release-Dev|x86.ActiveCfg = Release|Win32
		{1A04D2B1-EBB3-4569-BD03-915631B4BFB1}.Release-Dev|x86.Build.0 = Release|Win32
		{AA15BCE9-789C-45B3-83A2-B1C5D5EEFB34}.Release|x64.ActiveCfg = Release|x64
		{AA15BCE9-789C-45B3-83A2-B1C5D5EEFB34}.Release|x64.Build.0 = Release|x64
		{AA15BCE9-789C-45B3-83A2-B1C5D5EEFB34}.Release|x86.ActiveCfg = Release|Win32
		{AA15BCE9-789C-45B3-83A2-B1C5D5EEFB34}.Release|x86.Build.0 = Release|Win32
		{AA15BCE9-789C-45B3-83A2-B1C5D5EEFB34}.Release-10-163|x64.ActiveCfg = Release|x64
		{AA15BCE9-789C-45B3-83A2-B1C5D5EEFB34}.Release-10-163|x64.Build.0 = Release|x64
		{AA15BCE9-789C-45B3-83A2-B1C5D5EEFB34}.Release-10-163|x86.ActiveCfg = Release|Win32
		{AA15BCE9-789C-45B3-83A2-B1C5D5EEFB34}.Release-10-163|x86.Build.0 = Release|Win32
		{AA15BCE9-789C-45B3-83A2-B1C5D5EEFB34}.Release-10-984|x64.ActiveCfg = Release|x64
		{AA15BCE9-789C-45B3-83A2-B1C5D5EEFB34}.Release-10-984|x64.Build.0 = Release|x64
		{AA15BCE9-789C-45B3-83A2-B1C5D5EEFB34}.Release-10-984|x86.ActiveCfg = Release|Win32
		{AA15BCE9-789C-45B3-83A2-B1C5D5EEFB34}.Release-10-984|x86.Build.0 = Release|Win32
		{AA15BCE9-789C-45B3-83A2-B1C5D5EEFB34}.Release-11-191|x64.ActiveCfg = Release|x64
		{AA15BCE9-789C-45B3-83A2-B1C5D5EEFB34}.Release-11-191|x64.Build.0 = Release|x64
		{AA15BCE9-789C-45B3-83A2-B1C5D5EEFB34}.Release-11-191|x86.ActiveCfg = Release|Win32
		{AA15BCE9-789C-45B3-83A2-B1C5D5EEFB34}.Release-11-191|x86.Build.0 = Release|Win32
		{AA15BCE9-789C-45B3-83A2-B1C5D5EEFB34}.Release-Dev|x64.ActiveCfg = Release|x64
		{AA15BCE9-789C-45B3-83A2-B1C5D5EEFB34}.Release-Dev|x64.Build.0 = Release|x64
		{AA15BCE9-789C-45B3-83A2-B1C5D5EEFB34}.Release-Dev|x86.ActiveCfg = Release|Win32
		{AA15BCE9-789C-45B3-83A2-B1C5D5EEFB34}.Release-Dev|x86.Build.0 = Release|Win32
		{05D6A7E8-F94B-49AD-B7F2-B1A832B746FD}.Release|x64.ActiveCfg = Release|x64
		{05D6A7E8-F94B-49AD-B7F2-B1A832B746FD}.Release|x64.Build.0 = Release|x64
		{05D6A7E8-F94B-49AD-B7F2-B1A832B746FD}.Release|x86.ActiveCfg = Release|Win32
		{05D6A7E8-F94B-49AD-B7F2-B1A832B746FD}.Release|x86.Build.0 = Release|Win32
		{05D6A7E8-F94B-49AD-B7F2-B1A832B746FD}.Release-10-163|x64.ActiveCfg = Release|x64
		{05D6A7E8-F94B-49AD-B7F2-B1A832B746FD}.Release-10-163|x64.Build.0 = Release|x64
		{05D6A7E8-F94B-49AD-B7F2-B1A832B746FD}.Release-10-163|x86.ActiveCfg = Release|Win32
		{05D6A7E8-F94B-49AD-B7F2-B1A832B746FD}.Release-10-163|x86.Build.0 = Release|Win32
		{05D6A7E8-F94B-49AD-B7F2-B1A832B746FD}.Release-10-984|x64.ActiveCfg = Release|x64
		{05D6A7E8-F94B-49AD-B7F2-B1A832B746FD}.Release-10-984|x64.Build.0 = Release|x64
		{05D6A7E8-F94B-49AD-B7F2-B1A832B746FD}.Release-10-984|x86.ActiveCfg = Release|Win32
		{05D6A7E8-F94B-49AD-B7F2-B1A832B746FD}.Release-10-984|x86.Build.0 = Release|Win32
		{05D6A7E8-F94B-49AD-B7F2-B1A832B746FD}.Release-11-191|x64.ActiveCfg = Release|x64
		{05D6A7E8-F94B-49AD-B7F2-B1A832B746FD}.Release-11-191|x64.Build.0 = Release|x64
		{05D6A7E8-F94B-49AD-B7F2-B1A832B746FD}.Release-11-191|x86.ActiveCfg = Release|Win32
		{05D6A7E8-F94B-49AD-B7F2-B1A832B746FD}.Release-11-191|x86.Build.0 = Release|Win32
		{05D6A7E8-F94B-49AD-B7F2-B1A832B746FD}.Release-Dev|x64.ActiveCfg = Release|x64
		{05D6A7E8-F94B-49AD-B7F2-B1A832B746FD}.Release-Dev|x64.Build.0 = Release|x64
		{05D6A7E8-F94B-49AD-B7F2-B1A832B746FD}.Release-Dev|x86.ActiveCfg = Release|Win32
		{05D6A7E8-F94B-49AD-B7F2-B1A832B746FD}.Release-Dev|x86.Build.0 = Release|Win32
		{349E4C63-D015-41CA-867C-57269E45DD74}.Release|x64.ActiveCfg = Release|x64
		{349E4C63-D015-41CA-867C-57269E45DD74}.Release|x64.Build.0 = Release|x64
		{349E4C63-D015-41CA-867C-57269E45DD74}.Release|x86.ActiveCfg = Release|Win32
		{349E4C63-D015-41CA-867C-57269E45DD74}.Release|x86.Build.0 = Release|Win32
		{349E4C63-D015-41CA-867C-57269E45DD74}.Release-10-163|x64.ActiveCfg = Release|x64
		{349E4C63-D015-41CA-867C-57269E45DD74}.Release-10-163|x64.Build.0 = Release|x64
		{349E4C63-D015-41CA-867C-57269E45DD74}.Release-10-163|x86.ActiveCfg = Release|Win32
		{349E4C63-D015-41CA-867C-57269E45DD74}.Release-10-163|x86.Build.0 = Release|Win32
		{349E4C63-D015-41CA-867C-57269E45DD74}.Release-10-984|x64.ActiveCfg = Release|x64
		{349E4C63-D015-41CA-867C-57269E45DD74}.Release-10-984|x64.Build.0 = Release|x64
		{349E4C63-D015-41CA-867C-57269E45DD74}.Release-10-984|x86.ActiveCfg = Release|Win32
		{349E4C63-D015-41CA-867C-57269E45DD74}.Release-10-984|x86.Build.0 = Release|Win32
		{349E4C63-D015-41CA-867C-57269E45DD74}.Release-11-191|x64.ActiveCfg = Release|x64
		{349E4C63-D015-41CA-867C-57269E45DD74}.Release-11-191|x64.Build.0 = Release|x64
		{349E4C63-D015-41CA-867C-57269E45DD74}.Release-11-191|x86.ActiveCfg = Release|Win32
		{349E4C63-D015-41CA-867C-57269E45DD74}.Release-11-191|x86.Build.0 = Release|Win32
		{349E4C63-D015-41CA-867C-57269E45DD74}.Release-Dev|x64.ActiveCfg = Release|x64
		{349E4C63-D015-41CA-867C-57269E45DD74}.Release-Dev|x64.Build.0 = Release|x64
		{349E4C63-D015-41CA-867C-57269E45DD74}.Release-Dev|x86.ActiveCfg = Release|Win32
		{349E4C63-D015-41CA-867C-57269E45DD74}.Release-Dev|x86.Build.0 = Release|Win32
		{E891BACC-9380-49D6-90E0-EBF4D5A6004C}.Release|x64.ActiveCfg = Release|x64
		{E891BACC-9380-49D6-90E0-EBF4D5A6004C}.Release|x64.Build.0 = Release|x64
		{E891BACC-9380-49D6-90E0-EBF4D5A6004C}.Release|x86.ActiveCfg = Release|Win32
		{E891BACC-9380-49D6-90E0-EBF4D5A6004C}.Release|x86.Build.0 = Release|Win32
		{E891BACC-9380-49D6-90E0-EBF4D5A6004C}.Release-10-163|x64.ActiveCfg = Release|x64
		{E891BACC-9380-49D6-90E0-EBF4D5A6004C}.Release-10-163|x64.Build.0 = Release|x64
		{E891BACC-9380-49D6-90E0-EBF4D5A6004C}.Release-10-163|x86.ActiveCfg = Release|Win32
		{E891BACC-9380-49D6-90E0-EBF4D5A6004C}.Release-10-163|x86.Build.0 = Release|Win32
		{E891BACC-9380-49D6-90E0-EBF4D5A6004C}.Release-10-984|x64.ActiveCfg = Release|x64
		{E891BACC-9380-49D6-90E0-EBF4D5A6004C}.Release-10-984|x64.Build.0 = Release|x64
		{E891BACC-9380-49D6-90E0-EBF4D5A6004C}.Release-10-984|x86.ActiveCfg = Release|Win32
		{E891BACC-9380-49D6-90E0-EBF4D5A6004C}.Release-10-984|x86.Build.0 = Release|Win32
		{E891BACC-9380-49D6-90E0-EBF4D5A6004C}.Release-11-191|x64.ActiveCfg = Release|x64
		{E891BACC-9380-49D6-90E0-EBF4D5A6004C}.Release-11-191|x64.Build.0 = Release|x64
		{E891BACC-9380-49D6-90E0-EBF4D5A6004C}.Release-11-191|x86.ActiveCfg = Release|Win32
		{E891BACC-9380-49D6-90E0-EBF4D5A6004C}.Release-11-191|x86.Build.0 = Release|Win32
		{E891BACC-9380-49D6-90E0-EBF4D5A6004C}.Release-Dev|x64.ActiveCfg = Release|x64
		{E891BACC-9380-49D6-90E0-EBF4D5A6004C}.Release-Dev|x64.Build.0 = Release|x64
		{E891BACC-9380-49D6-90E0-EBF4D5A6004C}.Release-Dev|x86.ActiveCfg = Release|Win32
		{E891BACC-9380-49D6-90E0-EBF4D5A6004C}.Release-Dev|x86.Build.0 = Release|Win32
	EndGlobalSection
	GlobalSection(SolutionProperties) = preSolution
		HideSolutionNode = FALSE
	EndGlobalSection
	GlobalSection(NestedProjects) = preSolution
		{472E19AB-DEF0-42DF-819B-18722E8DC822} = {481701DC-D90C-45B3-92AB-53636E4D9145}
		{20C6411C-596F-4B85-BE4E-8BC91F59D8A6} = {481701DC-D90C-45B3-92AB-53636E4D9145}
		{06E30C65-D79A-4FEC-8A60-B36D907E6601} = {481701DC-D90C-45B3-92AB-53636E4D9145}
		{9E771CA4-04D9-4ED8-80F2-FFD379413688} = {481701DC-D90C-45B3-92AB-53636E4D9145}
		{020A2022-540B-4EA6-AA18-97FAF612D351} = {481701DC-D90C-45B3-92AB-53636E4D9145}
		{74E49D60-E7BF-4FBD-9BBF-927546761808} = {481701DC-D90C-45B3-92AB-53636E4D9145}
		{1A04D2B1-EBB3-4569-BD03-915631B4BFB1} = {481701DC-D90C-45B3-92AB-53636E4D9145}
		{AA15BCE9-789C-45B3-83A2-B1C5D5EEFB34} = {481701DC-D90C-45B3-92AB-53636E4D9145}
		{05D6A7E8-F94B-49AD-B7F2-B1A832B746FD} = {481701DC-D90C-45B3-92AB-53636E4D9145}
		{349E4C63-D015-41CA-867C-57269E45DD74} = {481701DC-D90C-45B3-92AB-53636E4D9145}
		{E891BACC-9380-49D6-90E0-EBF4D5A6004C} = {481701DC-D90C-45B3-92AB-53636E4D9145}
	EndGlobalSection
	GlobalSection(ExtensibilityGlobals) = postSolution
		SolutionGuid = {1616039A-ED4A-4669-9DD0-4D8555FBAE20}
	EndGlobalSection
EndGlobal
