<?xml version="1.0" encoding="utf-8"?>
<Project ToolsVersion="4.0" xmlns="http://schemas.microsoft.com/developer/msbuild/2003">
  <ItemGroup>
    <Filter Include="Исходные файлы">
      <UniqueIdentifier>{4FC737F1-C7A5-4376-A066-2A32D752A2FF}</UniqueIdentifier>
      <Extensions>cpp;c;cc;cxx;c++;cppm;ixx;def;odl;idl;hpj;bat;asm;asmx</Extensions>
    </Filter>
    <Filter Include="Файлы заголовков">
      <UniqueIdentifier>{93995380-89BD-4b04-88EB-625FBE52EBFB}</UniqueIdentifier>
      <Extensions>h;hh;hpp;hxx;h++;hm;inl;inc;ipp;xsd</Extensions>
    </Filter>
    <Filter Include="Файлы ресурсов">
      <UniqueIdentifier>{67DA6AB6-F800-4c08-8B7A-83BB121AAD01}</UniqueIdentifier>
      <Extensions>rc;ico;cur;bmp;dlg;rc2;rct;bin;rgs;gif;jpg;jpeg;jpe;resx;tiff;tif;png;wav;mfcribbon-ms</Extensions>
    </Filter>
    <Filter Include="version">
      <UniqueIdentifier>{15097cb5-a4cc-4314-9293-a08009876516}</UniqueIdentifier>
    </Filter>
    <Filter Include="typeinfo">
      <UniqueIdentifier>{d238b62a-94b7-4b54-919f-553704d8e34d}</UniqueIdentifier>
    </Filter>
    <Filter Include="Исходные файлы\Modules">
      <UniqueIdentifier>{a52ae614-a4c7-46e6-a6f3-e463e3b66820}</UniqueIdentifier>
    </Filter>
    <Filter Include="Файлы заголовков\Modules">
      <UniqueIdentifier>{31dc559c-f94c-41a6-b59a-1e3670f65e87}</UniqueIdentifier>
    </Filter>
  </ItemGroup>
  <ItemGroup>
    <ClCompile Include="source\XCellDllMain.cpp">
      <Filter>Исходные файлы</Filter>
    </ClCompile>
    <ClCompile Include="depends\typeinfo\ms_rtti.cpp">
      <Filter>typeinfo</Filter>
    </ClCompile>
    <ClCompile Include="source\XCellPlugin.cpp">
      <Filter>Исходные файлы</Filter>
    </ClCompile>
    <ClCompile Include="source\XCellRelocator.cpp">
      <Filter>Исходные файлы</Filter>
    </ClCompile>
    <ClCompile Include="source\XCellObject.cpp">
      <Filter>Исходные файлы</Filter>
    </ClCompile>
    <ClCompile Include="source\XCellEvent.cpp">
      <Filter>Исходные файлы</Filter>
    </ClCompile>
    <ClCompile Include="source\XCellModule.cpp">
      <Filter>Исходные файлы</Filter>
    </ClCompile>
    <ClCompile Include="source\XCellModuleManager.cpp">
      <Filter>Исходные файлы</Filter>
    </ClCompile>
    <ClCompile Include="source\XCellModuleImGUI.cpp">
      <Filter>Исходные файлы\Modules</Filter>
    </ClCompile>
    <ClCompile Include="source\XCellSettings.cpp">
      <Filter>Исходные файлы</Filter>
    </ClCompile>
    <ClCompile Include="source\XCellCVar.cpp">
      <Filter>Исходные файлы</Filter>
    </ClCompile>
    <ClCompile Include="source\XCellModuleThreads.cpp">
      <Filter>Исходные файлы\Modules</Filter>
    </ClCompile>
    <ClCompile Include="source\XCellModuleMemory.cpp">
      <Filter>Исходные файлы\Modules</Filter>
    </ClCompile>
    <ClCompile Include="source\XCellTableID.cpp">
      <Filter>Исходные файлы</Filter>
    </ClCompile>
    <ClCompile Include="source\XCellAssertion.cpp">
      <Filter>Исходные файлы</Filter>
    </ClCompile>
    <ClCompile Include="source\XCellModuleIO.cpp">
      <Filter>Исходные файлы\Modules</Filter>
    </ClCompile>
    <ClCompile Include="source\XCellModuleLoadScreen.cpp">
      <Filter>Исходные файлы\Modules</Filter>
    </ClCompile>
    <ClCompile Include="source\XCellModuleLibDeflate.cpp">
      <Filter>Исходные файлы\Modules</Filter>
    </ClCompile>
    <ClCompile Include="source\XCellModuleGreyMovies.cpp">
      <Filter>Исходные файлы\Modules</Filter>
    </ClCompile>
    <ClCompile Include="source\XCellModulePackageAllocateLocation.cpp">
      <Filter>Исходные файлы\Modules</Filter>
    </ClCompile>
    <ClCompile Include="source\XCellParseINI.cpp">
      <Filter>Исходные файлы</Filter>
    </ClCompile>
    <ClCompile Include="source\XCellStream.cpp">
      <Filter>Исходные файлы</Filter>
    </ClCompile>
    <ClCompile Include="source\XCellModuleProfile.cpp">
      <Filter>Исходные файлы\Modules</Filter>
    </ClCompile>
    <ClCompile Include="source\XCellModuleFacegen.cpp">
      <Filter>Исходные файлы\Modules</Filter>
    </ClCompile>
    <ClCompile Include="source\XCellStringUtils.cpp">
      <Filter>Исходные файлы</Filter>
    </ClCompile>
    <ClCompile Include="source\XCellModuleUpscaler.cpp">
      <Filter>Исходные файлы\Modules</Filter>
    </ClCompile>
    <ClCompile Include="source\XCellPostProcessor.cpp">
      <Filter>Исходные файлы</Filter>
    </ClCompile>
  </ItemGroup>
  <ItemGroup>
    <ClInclude Include="include\XCellCommon.h">
      <Filter>Файлы заголовков</Filter>
    </ClInclude>
    <ClInclude Include="include\XCellVersion.h">
      <Filter>Файлы заголовков</Filter>
    </ClInclude>
    <ClInclude Include="version\resource_version2.h">
      <Filter>version</Filter>
    </ClInclude>
    <ClInclude Include="version\resource_version.h">
      <Filter>version</Filter>
    </ClInclude>
    <ClInclude Include="depends\typeinfo\ms_rtti.h">
      <Filter>typeinfo</Filter>
    </ClInclude>
    <ClInclude Include="include\XCellPlugin.h">
      <Filter>Файлы заголовков</Filter>
    </ClInclude>
    <ClInclude Include="include\XCellRelocator.h">
      <Filter>Файлы заголовков</Filter>
    </ClInclude>
    <ClInclude Include="include\XCellObject.h">
      <Filter>Файлы заголовков</Filter>
    </ClInclude>
    <ClInclude Include="include\XCellEvent.h">
      <Filter>Файлы заголовков</Filter>
    </ClInclude>
    <ClInclude Include="include\XCellModule.h">
      <Filter>Файлы заголовков</Filter>
    </ClInclude>
    <ClInclude Include="include\XCellModuleManager.h">
      <Filter>Файлы заголовков</Filter>
    </ClInclude>
    <ClInclude Include="include\XCellModuleImGUI.h">
      <Filter>Файлы заголовков\Modules</Filter>
    </ClInclude>
    <ClInclude Include="include\XCellSettings.h">
      <Filter>Файлы заголовков</Filter>
    </ClInclude>
    <ClInclude Include="include\XCellCVar.h">
      <Filter>Файлы заголовков</Filter>
    </ClInclude>
    <ClInclude Include="include\XCellModuleThreads.h">
      <Filter>Файлы заголовков\Modules</Filter>
    </ClInclude>
    <ClInclude Include="include\XCellModuleMemory.h">
      <Filter>Файлы заголовков\Modules</Filter>
    </ClInclude>
    <ClInclude Include="include\XCellTableID.h">
      <Filter>Файлы заголовков</Filter>
    </ClInclude>
    <ClInclude Include="include\XCellAssertion.h">
      <Filter>Файлы заголовков</Filter>
    </ClInclude>
    <ClInclude Include="include\XCellModuleIO.h">
      <Filter>Файлы заголовков\Modules</Filter>
    </ClInclude>
    <ClInclude Include="include\XCellModuleLoadScreen.h">
      <Filter>Файлы заголовков\Modules</Filter>
    </ClInclude>
    <ClInclude Include="include\XCellModuleLibDeflate.h">
      <Filter>Файлы заголовков\Modules</Filter>
    </ClInclude>
    <ClInclude Include="include\XCellModulePackageAllocateLocation.h">
      <Filter>Файлы заголовков\Modules</Filter>
    </ClInclude>
    <ClInclude Include="include\XCellModuleGreyMovies.h">
      <Filter>Файлы заголовков\Modules</Filter>
    </ClInclude>
    <ClInclude Include="include\XCellParseINI.h">
      <Filter>Файлы заголовков</Filter>
    </ClInclude>
    <ClInclude Include="include\XCellStream.h">
      <Filter>Файлы заголовков</Filter>
    </ClInclude>
    <ClInclude Include="include\XCellStringUtils.h">
      <Filter>Файлы заголовков</Filter>
    </ClInclude>
    <ClInclude Include="include\XCellModuleProfile.h">
      <Filter>Файлы заголовков\Modules</Filter>
    </ClInclude>
    <ClInclude Include="include\XCellModuleFacegen.h">
      <Filter>Файлы заголовков\Modules</Filter>
    </ClInclude>
    <ClInclude Include="include\XCellModuleUpscaler.h">
      <Filter>Файлы заголовков\Modules</Filter>
    </ClInclude>
    <ClInclude Include="include\XCellPostProcessor.h">
      <Filter>Файлы заголовков</Filter>
    </ClInclude>
  </ItemGroup>
  <ItemGroup>
    <None Include="version\resource_version2.tmp">
      <Filter>version</Filter>
    </None>
    <None Include="version\scripts.ps1">
      <Filter>version</Filter>
    </None>
    <None Include="version\resource_version.aps">
      <Filter>version</Filter>
    </None>
    <None Include="exports.def">
      <Filter>Файлы ресурсов</Filter>
    </None>
  </ItemGroup>
  <ItemGroup>
    <ResourceCompile Include="version\resource_version.rc">
      <Filter>version</Filter>
    </ResourceCompile>
  </ItemGroup>
  <ItemGroup>
    <Text Include="version\build_version.txt">
      <Filter>version</Filter>
    </Text>
  </ItemGroup>
</Project>